
Microsoft Visual Studio Solution File, Format Version 12.00
# Visual Studio 14
VisualStudioVersion = 14.0.25420.1
MinimumVisualStudioVersion = 10.0.40219.1
Project("{FAE04EC0-301F-11D3-BF4B-00C04F79EFBC}") = "Manifold", "Manifold\Manifold.csproj", "{A5A274DE-D652-4B85-8D68-D76A581EB2C7}"
EndProject
Project("{FAE04EC0-301F-11D3-BF4B-00C04F79EFBC}") = "Manifold.Tests", "Manifold.Tests\Manifold.Tests.csproj", "{3B012B0C-4671-4273-8F56-F5013B782EC1}"
EndProject
Project("{FAE04EC0-301F-11D3-BF4B-00C04F79EFBC}") = "Manifold.Autofac", "Manifold.Autofac\Manifold.Autofac.csproj", "{EBD636D0-CCF4-4D67-8EBE-926913A1016A}"
EndProject
Project("{2150E333-8FDC-42A3-9474-1A3956D46DE8}") = "Solution Items", "Solution Items", "{731BACFF-253D-47B3-9B87-83BE008C8FB9}"
	ProjectSection(SolutionItems) = preProject
		SharedAssemblyInfo.cs = SharedAssemblyInfo.cs
	EndProjectSection
EndProject
Project("{FAE04EC0-301F-11D3-BF4B-00C04F79EFBC}") = "Manifold.Ninject", "Manifold.Ninject\Manifold.Ninject.csproj", "{D1EB250D-89AA-4FDA-B821-F88328D8514A}"
EndProject
Global
	GlobalSection(SolutionConfigurationPlatforms) = preSolution
		Debug|Any CPU = Debug|Any CPU
		Release|Any CPU = Release|Any CPU
	EndGlobalSection
	GlobalSection(ProjectConfigurationPlatforms) = postSolution
		{A5A274DE-D652-4B85-8D68-D76A581EB2C7}.Debug|Any CPU.ActiveCfg = Debug|Any CPU
		{A5A274DE-D652-4B85-8D68-D76A581EB2C7}.Debug|Any CPU.Build.0 = Debug|Any CPU
		{A5A274DE-D652-4B85-8D68-D76A581EB2C7}.Release|Any CPU.ActiveCfg = Release|Any CPU
		{A5A274DE-D652-4B85-8D68-D76A581EB2C7}.Release|Any CPU.Build.0 = Release|Any CPU
		{3B012B0C-4671-4273-8F56-F5013B782EC1}.Debug|Any CPU.ActiveCfg = Debug|Any CPU
		{3B012B0C-4671-4273-8F56-F5013B782EC1}.Debug|Any CPU.Build.0 = Debug|Any CPU
		{3B012B0C-4671-4273-8F56-F5013B782EC1}.Release|Any CPU.ActiveCfg = Release|Any CPU
		{3B012B0C-4671-4273-8F56-F5013B782EC1}.Release|Any CPU.Build.0 = Release|Any CPU
		{EBD636D0-CCF4-4D67-8EBE-926913A1016A}.Debug|Any CPU.ActiveCfg = Debug|Any CPU
		{EBD636D0-CCF4-4D67-8EBE-926913A1016A}.Debug|Any CPU.Build.0 = Debug|Any CPU
		{EBD636D0-CCF4-4D67-8EBE-926913A1016A}.Release|Any CPU.ActiveCfg = Release|Any CPU
		{EBD636D0-CCF4-4D67-8EBE-926913A1016A}.Release|Any CPU.Build.0 = Release|Any CPU
		{D1EB250D-89AA-4FDA-B821-F88328D8514A}.Debug|Any CPU.ActiveCfg = Debug|Any CPU
		{D1EB250D-89AA-4FDA-B821-F88328D8514A}.Debug|Any CPU.Build.0 = Debug|Any CPU
		{D1EB250D-89AA-4FDA-B821-F88328D8514A}.Release|Any CPU.ActiveCfg = Release|Any CPU
		{D1EB250D-89AA-4FDA-B821-F88328D8514A}.Release|Any CPU.Build.0 = Release|Any CPU
	EndGlobalSection
	GlobalSection(SolutionProperties) = preSolution
		HideSolutionNode = FALSE
	EndGlobalSection
EndGlobal
