
Microsoft Visual Studio Solution File, Format Version 11.00
# Visual Studio 2010
Project("{FAE04EC0-301F-11D3-BF4B-00C04F79EFBC}") = "Manifold", "Manifold\Manifold.csproj", "{A5A274DE-D652-4B85-8D68-D76A581EB2C7}"
EndProject
Project("{FAE04EC0-301F-11D3-BF4B-00C04F79EFBC}") = "Manifold.Tests", "Manifold.Tests\Manifold.Tests.csproj", "{3B012B0C-4671-4273-8F56-F5013B782EC1}"
EndProject
Project("{FAE04EC0-301F-11D3-BF4B-00C04F79EFBC}") = "Manifold.Autofac", "Manifold.Autofac\Manifold.Autofac.csproj", "{EBD636D0-CCF4-4D67-8EBE-926913A1016A}"
EndProject
Project("{2150E333-8FDC-42A3-9474-1A3956D46DE8}") = "Solution Items", "Solution Items", "{731BACFF-253D-47B3-9B87-83BE008C8FB9}"
	ProjectSection(SolutionItems) = preProject
		SharedAssemblyInfo.cs = SharedAssemblyInfo.cs
	EndProjectSection
EndProject
Project("{FAE04EC0-301F-11D3-BF4B-00C04F79EFBC}") = "Manifold.Ninject", "Manifold.Ninject\Manifold.Ninject.csproj", "{D1EB250D-89AA-4FDA-B821-F88328D8514A}"
EndProject
Project("{2150E333-8FDC-42A3-9474-1A3956D46DE8}") = "Samples", "Samples", "{0E819785-0041-452A-BA1A-412EDA872D07}"
EndProject
Project("{FAE04EC0-301F-11D3-BF4B-00C04F79EFBC}") = "MvcStore", "..\samples\MvcStore\MvcStore.csproj", "{DD015ED2-97C8-44E8-ABEB-F2F54A936F25}"
EndProject
Project("{FAE04EC0-301F-11D3-BF4B-00C04F79EFBC}") = "MvcStore.Tests", "..\samples\MvcStore.Tests\MvcStore.Tests.csproj", "{8EE95AA1-10AF-487B-B55A-CFB4D767A550}"
EndProject
Global
	GlobalSection(SolutionConfigurationPlatforms) = preSolution
		Debug|Any CPU = Debug|Any CPU
		Release|Any CPU = Release|Any CPU
	EndGlobalSection
	GlobalSection(ProjectConfigurationPlatforms) = postSolution
		{A5A274DE-D652-4B85-8D68-D76A581EB2C7}.Debug|Any CPU.ActiveCfg = Debug|Any CPU
		{A5A274DE-D652-4B85-8D68-D76A581EB2C7}.Debug|Any CPU.Build.0 = Debug|Any CPU
		{A5A274DE-D652-4B85-8D68-D76A581EB2C7}.Release|Any CPU.ActiveCfg = Release|Any CPU
		{A5A274DE-D652-4B85-8D68-D76A581EB2C7}.Release|Any CPU.Build.0 = Release|Any CPU
		{3B012B0C-4671-4273-8F56-F5013B782EC1}.Debug|Any CPU.ActiveCfg = Debug|Any CPU
		{3B012B0C-4671-4273-8F56-F5013B782EC1}.Debug|Any CPU.Build.0 = Debug|Any CPU
		{3B012B0C-4671-4273-8F56-F5013B782EC1}.Release|Any CPU.ActiveCfg = Release|Any CPU
		{3B012B0C-4671-4273-8F56-F5013B782EC1}.Release|Any CPU.Build.0 = Release|Any CPU
		{EBD636D0-CCF4-4D67-8EBE-926913A1016A}.Debug|Any CPU.ActiveCfg = Debug|Any CPU
		{EBD636D0-CCF4-4D67-8EBE-926913A1016A}.Debug|Any CPU.Build.0 = Debug|Any CPU
		{EBD636D0-CCF4-4D67-8EBE-926913A1016A}.Release|Any CPU.ActiveCfg = Release|Any CPU
		{EBD636D0-CCF4-4D67-8EBE-926913A1016A}.Release|Any CPU.Build.0 = Release|Any CPU
		{D1EB250D-89AA-4FDA-B821-F88328D8514A}.Debug|Any CPU.ActiveCfg = Debug|Any CPU
		{D1EB250D-89AA-4FDA-B821-F88328D8514A}.Debug|Any CPU.Build.0 = Debug|Any CPU
		{D1EB250D-89AA-4FDA-B821-F88328D8514A}.Release|Any CPU.ActiveCfg = Release|Any CPU
		{D1EB250D-89AA-4FDA-B821-F88328D8514A}.Release|Any CPU.Build.0 = Release|Any CPU
		{DD015ED2-97C8-44E8-ABEB-F2F54A936F25}.Debug|Any CPU.ActiveCfg = Debug|Any CPU
		{DD015ED2-97C8-44E8-ABEB-F2F54A936F25}.Debug|Any CPU.Build.0 = Debug|Any CPU
		{DD015ED2-97C8-44E8-ABEB-F2F54A936F25}.Release|Any CPU.ActiveCfg = Release|Any CPU
		{DD015ED2-97C8-44E8-ABEB-F2F54A936F25}.Release|Any CPU.Build.0 = Release|Any CPU
		{8EE95AA1-10AF-487B-B55A-CFB4D767A550}.Debug|Any CPU.ActiveCfg = Debug|Any CPU
		{8EE95AA1-10AF-487B-B55A-CFB4D767A550}.Debug|Any CPU.Build.0 = Debug|Any CPU
		{8EE95AA1-10AF-487B-B55A-CFB4D767A550}.Release|Any CPU.ActiveCfg = Release|Any CPU
		{8EE95AA1-10AF-487B-B55A-CFB4D767A550}.Release|Any CPU.Build.0 = Release|Any CPU
	EndGlobalSection
	GlobalSection(SolutionProperties) = preSolution
		HideSolutionNode = FALSE
	EndGlobalSection
	GlobalSection(NestedProjects) = preSolution
		{DD015ED2-97C8-44E8-ABEB-F2F54A936F25} = {0E819785-0041-452A-BA1A-412EDA872D07}
		{8EE95AA1-10AF-487B-B55A-CFB4D767A550} = {0E819785-0041-452A-BA1A-412EDA872D07}
	EndGlobalSection
EndGlobal
