
Microsoft Visual Studio Solution File, Format Version 11.00
# Visual Studio 2010
Project("{FAE04EC0-301F-11D3-BF4B-00C04F79EFBC}") = "Wormhole", "Wormhole\Wormhole.csproj", "{A5A274DE-D652-4B85-8D68-D76A581EB2C7}"
EndProject
Project("{FAE04EC0-301F-11D3-BF4B-00C04F79EFBC}") = "Wormhole.Tests", "Wormhole.Tests\Wormhole.Tests.csproj", "{3B012B0C-4671-4273-8F56-F5013B782EC1}"
EndProject
Project("{FAE04EC0-301F-11D3-BF4B-00C04F79EFBC}") = "Wormhole.Autofac", "Wormhole.Autofac\Wormhole.Autofac.csproj", "{EBD636D0-CCF4-4D67-8EBE-926913A1016A}"
EndProject
Global
	GlobalSection(SolutionConfigurationPlatforms) = preSolution
		Debug|Any CPU = Debug|Any CPU
		Release|Any CPU = Release|Any CPU
	EndGlobalSection
	GlobalSection(ProjectConfigurationPlatforms) = postSolution
		{A5A274DE-D652-4B85-8D68-D76A581EB2C7}.Debug|Any CPU.ActiveCfg = Debug|Any CPU
		{A5A274DE-D652-4B85-8D68-D76A581EB2C7}.Debug|Any CPU.Build.0 = Debug|Any CPU
		{A5A274DE-D652-4B85-8D68-D76A581EB2C7}.Release|Any CPU.ActiveCfg = Release|Any CPU
		{A5A274DE-D652-4B85-8D68-D76A581EB2C7}.Release|Any CPU.Build.0 = Release|Any CPU
		{3B012B0C-4671-4273-8F56-F5013B782EC1}.Debug|Any CPU.ActiveCfg = Debug|Any CPU
		{3B012B0C-4671-4273-8F56-F5013B782EC1}.Debug|Any CPU.Build.0 = Debug|Any CPU
		{3B012B0C-4671-4273-8F56-F5013B782EC1}.Release|Any CPU.ActiveCfg = Release|Any CPU
		{3B012B0C-4671-4273-8F56-F5013B782EC1}.Release|Any CPU.Build.0 = Release|Any CPU
		{EBD636D0-CCF4-4D67-8EBE-926913A1016A}.Debug|Any CPU.ActiveCfg = Debug|Any CPU
		{EBD636D0-CCF4-4D67-8EBE-926913A1016A}.Debug|Any CPU.Build.0 = Debug|Any CPU
		{EBD636D0-CCF4-4D67-8EBE-926913A1016A}.Release|Any CPU.ActiveCfg = Release|Any CPU
		{EBD636D0-CCF4-4D67-8EBE-926913A1016A}.Release|Any CPU.Build.0 = Release|Any CPU
	EndGlobalSection
	GlobalSection(SolutionProperties) = preSolution
		HideSolutionNode = FALSE
	EndGlobalSection
EndGlobal
